# This file is automatically @generated by Cargo.
# It is not intended for manual editing.
version = 4

[[package]]
name = "apl"
version = "0.1.0"
dependencies = [
 "apl_compiler",
 "apl_core",
 "apl_ir",
 "apl_parser",
 "apl_runtime",
]

[[package]]
name = "apl_compiler"
version = "0.1.0"
dependencies = [
 "apl_core",
 "apl_ir",
 "apl_parser",
 "apl_runtime",
]

[[package]]
name = "apl_core"
version = "0.1.0"

[[package]]
name = "apl_ir"
version = "0.1.0"
dependencies = [
 "apl_core",
]

[[package]]
name = "apl_parser"
version = "0.1.0"
dependencies = [
 "apl_core",
]

[[package]]
name = "apl_router"
version = "0.1.0"
dependencies = [
 "apl_core",
]

[[package]]
name = "apl_runtime"
version = "0.1.0"
dependencies = [
 "apl_core",
 "apl_ir",
 "apl_parser",
]
